{
  "name": "sanitize-html-with-tinymce",
  "version": "1.0.0",
  "lockfileVersion": 3,
  "requires": true,
  "packages": {
    "": {
      "name": "sanitize-html-with-tinymce",
      "version": "1.0.0",
      "dependencies": {
        "tinymce": "^5"
      }
    },
    "node_modules/tinymce": {
      "version": "5.10.9",
      "resolved": "https://registry.npmjs.org/tinymce/-/tinymce-5.10.9.tgz",
      "integrity": "sha512-5bkrors87X9LhYX2xq8GgPHrIgJYHl87YNs+kBcjQ5I3CiUgzo/vFcGvT3MZQ9QHsEeYMhYO6a5CLGGffR8hMg=="
    }
  }
}
