{
  "name": "@instructure/babel-preset-pretranslated-translations-package-format-message",
  "version": "1.0.0",
  "lockfileVersion": 3,
  "requires": true,
  "packages": {
    "": {
      "name": "@instructure/babel-preset-pretranslated-translations-package-format-message",
      "version": "1.0.0",
      "license": "MIT",
      "dependencies": {
        "babel-plugin-extract-format-message": "5 - 6",
        "babel-plugin-transform-format-message": "5 - 6"
      }
    },
    "node_modules/@babel/code-frame": {
      "version": "7.26.2",
      "resolved": "https://registry.npmjs.org/@babel/code-frame/-/code-frame-7.26.2.tgz",
      "integrity": "sha512-RJlIHRueQgwWitWgF8OdFYGZX328Ax5BCemNGlqHfplnRT9ESi8JkFlvaVYbS+UubVY6dpv87Fs2u5M29iNFVQ==",
      "dependencies": {
        "@babel/helper-validator-identifier": "^7.25.9",
        "js-tokens": "^4.0.0",
        "picocolors": "^1.0.0"
      },
      "engines": {
        "node": ">=6.9.0"
      }
    },
    "node_modules/@babel/generator": {
      "version": "7.26.3",
      "resolved": "https://registry.npmjs.org/@babel/generator/-/generator-7.26.3.tgz",
      "integrity": "sha512-6FF/urZvD0sTeO7k6/B15pMLC4CHUv1426lzr3N01aHJTl046uCAh9LXW/fzeXXjPNCJ6iABW5XaWOsIZB93aQ==",
      "dependencies": {
        "@babel/parser": "^7.26.3",
        "@babel/types": "^7.26.3",
        "@jridgewell/gen-mapping": "^0.3.5",
        "@jridgewell/trace-mapping": "^0.3.25",
        "jsesc": "^3.0.2"
      },
      "engines": {
        "node": ">=6.9.0"
      }
    },
    "node_modules/@babel/helper-module-imports": {
      "version": "7.25.9",
      "resolved": "https://registry.npmjs.org/@babel/helper-module-imports/-/helper-module-imports-7.25.9.tgz",
      "integrity": "sha512-tnUA4RsrmflIM6W6RFTLFSXITtl0wKjgpnLgXyowocVPrbYrLUXSBXDgTs8BlbmIzIdlBySRQjINYs2BAkiLtw==",
      "dependencies": {
        "@babel/traverse": "^7.25.9",
        "@babel/types": "^7.25.9"
      },
      "engines": {
        "node": ">=6.9.0"
      }
    },
    "node_modules/@babel/helper-string-parser": {
      "version": "7.25.9",
      "resolved": "https://registry.npmjs.org/@babel/helper-string-parser/-/helper-string-parser-7.25.9.tgz",
      "integrity": "sha512-4A/SCr/2KLd5jrtOMFzaKjVtAei3+2r/NChoBNoZ3EyP/+GlhoaEGoWOZUmFmoITP7zOJyHIMm+DYRd8o3PvHA==",
      "engines": {
        "node": ">=6.9.0"
      }
    },
    "node_modules/@babel/helper-validator-identifier": {
      "version": "7.25.9",
      "resolved": "https://registry.npmjs.org/@babel/helper-validator-identifier/-/helper-validator-identifier-7.25.9.tgz",
      "integrity": "sha512-Ed61U6XJc3CVRfkERJWDz4dJwKe7iLmmJsbOGu9wSloNSFttHV0I8g6UAgb7qnK5ly5bGLPd4oXZlxCdANBOWQ==",
      "engines": {
        "node": ">=6.9.0"
      }
    },
    "node_modules/@babel/parser": {
      "version": "7.26.3",
      "resolved": "https://registry.npmjs.org/@babel/parser/-/parser-7.26.3.tgz",
      "integrity": "sha512-WJ/CvmY8Mea8iDXo6a7RK2wbmJITT5fN3BEkRuFlxVyNx8jOKIIhmC4fSkTcPcf8JyavbBwIe6OpiCOBXt/IcA==",
      "dependencies": {
        "@babel/types": "^7.26.3"
      },
      "bin": {
        "parser": "bin/babel-parser.js"
      },
      "engines": {
        "node": ">=6.0.0"
      }
    },
    "node_modules/@babel/template": {
      "version": "7.25.9",
      "resolved": "https://registry.npmjs.org/@babel/template/-/template-7.25.9.tgz",
      "integrity": "sha512-9DGttpmPvIxBb/2uwpVo3dqJ+O6RooAFOS+lB+xDqoE2PVCE8nfoHMdZLpfCQRLwvohzXISPZcgxt80xLfsuwg==",
      "dependencies": {
        "@babel/code-frame": "^7.25.9",
        "@babel/parser": "^7.25.9",
        "@babel/types": "^7.25.9"
      },
      "engines": {
        "node": ">=6.9.0"
      }
    },
    "node_modules/@babel/traverse": {
      "version": "7.26.4",
      "resolved": "https://registry.npmjs.org/@babel/traverse/-/traverse-7.26.4.tgz",
      "integrity": "sha512-fH+b7Y4p3yqvApJALCPJcwb0/XaOSgtK4pzV6WVjPR5GLFQBRI7pfoX2V2iM48NXvX07NUxxm1Vw98YjqTcU5w==",
      "dependencies": {
        "@babel/code-frame": "^7.26.2",
        "@babel/generator": "^7.26.3",
        "@babel/parser": "^7.26.3",
        "@babel/template": "^7.25.9",
        "@babel/types": "^7.26.3",
        "debug": "^4.3.1",
        "globals": "^11.1.0"
      },
      "engines": {
        "node": ">=6.9.0"
      }
    },
    "node_modules/@babel/types": {
      "version": "7.26.3",
      "resolved": "https://registry.npmjs.org/@babel/types/-/types-7.26.3.tgz",
      "integrity": "sha512-vN5p+1kl59GVKMvTHt55NzzmYVxprfJD+ql7U9NFIfKCBkYE55LYtS+WtPlaYOyzydrKI8Nezd+aZextrd+FMA==",
      "dependencies": {
        "@babel/helper-string-parser": "^7.25.9",
        "@babel/helper-validator-identifier": "^7.25.9"
      },
      "engines": {
        "node": ">=6.9.0"
      }
    },
    "node_modules/@jridgewell/gen-mapping": {
      "version": "0.3.8",
      "resolved": "https://registry.npmjs.org/@jridgewell/gen-mapping/-/gen-mapping-0.3.8.tgz",
      "integrity": "sha512-imAbBGkb+ebQyxKgzv5Hu2nmROxoDOXHh80evxdoXNOrvAnVx7zimzc1Oo5h9RlfV4vPXaE2iM5pOFbvOCClWA==",
      "dependencies": {
        "@jridgewell/set-array": "^1.2.1",
        "@jridgewell/sourcemap-codec": "^1.4.10",
        "@jridgewell/trace-mapping": "^0.3.24"
      },
      "engines": {
        "node": ">=6.0.0"
      }
    },
    "node_modules/@jridgewell/resolve-uri": {
      "version": "3.1.2",
      "resolved": "https://registry.npmjs.org/@jridgewell/resolve-uri/-/resolve-uri-3.1.2.tgz",
      "integrity": "sha512-bRISgCIjP20/tbWSPWMEi54QVPRZExkuD9lJL+UIxUKtwVJA8wW1Trb1jMs1RFXo1CBTNZ/5hpC9QvmKWdopKw==",
      "engines": {
        "node": ">=6.0.0"
      }
    },
    "node_modules/@jridgewell/set-array": {
      "version": "1.2.1",
      "resolved": "https://registry.npmjs.org/@jridgewell/set-array/-/set-array-1.2.1.tgz",
      "integrity": "sha512-R8gLRTZeyp03ymzP/6Lil/28tGeGEzhx1q2k703KGWRAI1VdvPIXdG70VJc2pAMw3NA6JKL5hhFu1sJX0Mnn/A==",
      "engines": {
        "node": ">=6.0.0"
      }
    },
    "node_modules/@jridgewell/sourcemap-codec": {
      "version": "1.5.0",
      "resolved": "https://registry.npmjs.org/@jridgewell/sourcemap-codec/-/sourcemap-codec-1.5.0.tgz",
      "integrity": "sha512-gv3ZRaISU3fjPAgNsriBRqGWQL6quFx04YMPW/zD8XMLsU32mhCCbfbO6KZFLjvYpCZ8zyDEgqsgf+PwPaM7GQ=="
    },
    "node_modules/@jridgewell/trace-mapping": {
      "version": "0.3.25",
      "resolved": "https://registry.npmjs.org/@jridgewell/trace-mapping/-/trace-mapping-0.3.25.tgz",
      "integrity": "sha512-vNk6aEwybGtawWmy/PzwnGDOjCkLWSD2wqvjGGAgOAwCGWySYXfYoxt00IJkTF+8Lb57DwOb3Aa0o9CApepiYQ==",
      "dependencies": {
        "@jridgewell/resolve-uri": "^3.1.0",
        "@jridgewell/sourcemap-codec": "^1.4.14"
      }
    },
    "node_modules/babel-plugin-extract-format-message": {
      "version": "6.2.4",
      "resolved": "https://registry.npmjs.org/babel-plugin-extract-format-message/-/babel-plugin-extract-format-message-6.2.4.tgz",
      "integrity": "sha512-2nBVhei/madYmkgz2tY6BcCnoI9fNopyBsPqEVE1LAWSMwoxBFwECf35uBxiQDpKqIK/GKJ1BMRw7iN/ChqkWA==",
      "dependencies": {
        "format-message-estree-util": "^6.2.4",
        "format-message-generate-id": "^6.2.4",
        "format-message-parse": "^6.2.4",
        "format-message-print": "^6.2.4"
      }
    },
    "node_modules/babel-plugin-transform-format-message": {
      "version": "6.2.4",
      "resolved": "https://registry.npmjs.org/babel-plugin-transform-format-message/-/babel-plugin-transform-format-message-6.2.4.tgz",
      "integrity": "sha512-MlvlDq3eZbllHzbBHo+SLSgKEThdddVRitODffdSQH1N9TbjQ+VhXg/RNlI1R5vQddxusg/NPzzGMZ9lfeJW1g==",
      "dependencies": {
        "@babel/helper-module-imports": "^7.0.0",
        "@babel/parser": "^7.0.0",
        "format-message": "^6.2.4",
        "format-message-estree-util": "^6.2.4",
        "format-message-formats": "^6.2.4",
        "format-message-generate-id": "^6.2.4",
        "format-message-parse": "^6.2.4",
        "lookup-closest-locale": "^6.2.0",
        "source-map": "^0.5.7"
      }
    },
    "node_modules/crc32": {
      "version": "0.2.2",
      "resolved": "https://registry.npmjs.org/crc32/-/crc32-0.2.2.tgz",
      "integrity": "sha512-PFZEGbDUeoNbL2GHIEpJRQGheXReDody/9axKTxhXtQqIL443wnNigtVZO9iuCIMPApKZRv7k2xr8euXHqNxQQ==",
      "bin": {
        "crc32": "bin/runner.js"
      },
      "engines": {
        "node": ">= 0.4.0"
      }
    },
    "node_modules/debug": {
      "version": "4.4.0",
      "resolved": "https://registry.npmjs.org/debug/-/debug-4.4.0.tgz",
      "integrity": "sha512-6WTZ/IxCY/T6BALoZHaE4ctp9xm+Z5kY/pzYaCHRFeyVhojxlrm+46y68HA6hr0TcwEssoxNiDEUJQjfPZ/RYA==",
      "dependencies": {
        "ms": "^2.1.3"
      },
      "engines": {
        "node": ">=6.0"
      },
      "peerDependenciesMeta": {
        "supports-color": {
          "optional": true
        }
      }
    },
    "node_modules/format-message": {
      "version": "6.2.4",
      "resolved": "https://registry.npmjs.org/format-message/-/format-message-6.2.4.tgz",
      "integrity": "sha512-/24zYeSRy2ZlEO2OIctm7jOHvMpoWf+uhqFCaqqyZKi1C229zAAy2E5vF4lSSaMH0a2kewPrOzq6xN4Yy7cQrw==",
      "dependencies": {
        "format-message-formats": "^6.2.4",
        "format-message-interpret": "^6.2.4",
        "format-message-parse": "^6.2.4",
        "lookup-closest-locale": "^6.2.0"
      }
    },
    "node_modules/format-message-estree-util": {
      "version": "6.2.4",
      "resolved": "https://registry.npmjs.org/format-message-estree-util/-/format-message-estree-util-6.2.4.tgz",
      "integrity": "sha512-GymGOfLzVnuDiBONl7Bq00L3ff7kk6qoX2x90V1ZNyjjQMZdexS/4YXxSS00VicDpEMOCxvuO8oUNB/o1o0avA=="
    },
    "node_modules/format-message-formats": {
      "version": "6.2.4",
      "resolved": "https://registry.npmjs.org/format-message-formats/-/format-message-formats-6.2.4.tgz",
      "integrity": "sha512-smT/fAqBLqusWfWCKRAx6QBDAAbmYznWsIyTyk66COmvwt2Byiqd7SJe2ma9a5oV0kwRaOJpN/F4lr4YK/n6qQ=="
    },
    "node_modules/format-message-generate-id": {
      "version": "6.2.4",
      "resolved": "https://registry.npmjs.org/format-message-generate-id/-/format-message-generate-id-6.2.4.tgz",
      "integrity": "sha512-yx+sq5Thn0u5bMyy1qNkNA45nJSCskfOPXHx7KoDu/WCF/qudmXqvmuuS8ntz9qikH37ggAfiLM8Zrm0Fh+H7A==",
      "dependencies": {
        "crc32": "^0.2.2",
        "format-message-parse": "^6.2.4",
        "format-message-print": "^6.2.4"
      }
    },
    "node_modules/format-message-interpret": {
      "version": "6.2.4",
      "resolved": "https://registry.npmjs.org/format-message-interpret/-/format-message-interpret-6.2.4.tgz",
      "integrity": "sha512-dRvz9mXhITApyOtfuFEb/XqvCe1u6RMkQW49UJHXS8w2S8cAHCqq5LNDFK+QK6XVzcofROycLb/k1uybTAKt2w==",
      "dependencies": {
        "format-message-formats": "^6.2.4",
        "lookup-closest-locale": "^6.2.0"
      }
    },
    "node_modules/format-message-parse": {
      "version": "6.2.4",
      "resolved": "https://registry.npmjs.org/format-message-parse/-/format-message-parse-6.2.4.tgz",
      "integrity": "sha512-k7WqXkEzgXkW4wkHdS6Cv2Ou0rIFtiDelZjgoe1saW4p7FT7zS8OeAUpAekhormqzpeecR97e4vBft1zMsfFOQ=="
    },
    "node_modules/format-message-print": {
      "version": "6.2.4",
      "resolved": "https://registry.npmjs.org/format-message-print/-/format-message-print-6.2.4.tgz",
      "integrity": "sha512-72j+ATEN13NFJ1hYaPcDVJEE37BD1P29plLIdCqEMwezVa1c7VSPgRB1eZnkoWxm4YKFgS770pJlE1ZczACqgQ=="
    },
    "node_modules/globals": {
      "version": "11.12.0",
      "resolved": "https://registry.npmjs.org/globals/-/globals-11.12.0.tgz",
      "integrity": "sha512-WOBp/EEGUiIsJSp7wcv/y6MO+lV9UoncWqxuFfm8eBwzWNgyfBd6Gz+IeKQ9jCmyhoH99g15M3T+QaVHFjizVA==",
      "engines": {
        "node": ">=4"
      }
    },
    "node_modules/js-tokens": {
      "version": "4.0.0",
      "resolved": "https://registry.npmjs.org/js-tokens/-/js-tokens-4.0.0.tgz",
      "integrity": "sha512-RdJUflcE3cUzKiMqQgsCu06FPu9UdIJO0beYbPhHN4k6apgJtifcoCtT9bcxOpYBtpD2kCM6Sbzg4CausW/PKQ=="
    },
    "node_modules/jsesc": {
      "version": "3.1.0",
      "resolved": "https://registry.npmjs.org/jsesc/-/jsesc-3.1.0.tgz",
      "integrity": "sha512-/sM3dO2FOzXjKQhJuo0Q173wf2KOo8t4I8vHy6lF9poUp7bKT0/NHE8fPX23PwfhnykfqnC2xRxOnVw5XuGIaA==",
      "bin": {
        "jsesc": "bin/jsesc"
      },
      "engines": {
        "node": ">=6"
      }
    },
    "node_modules/lookup-closest-locale": {
      "version": "6.2.0",
      "resolved": "https://registry.npmjs.org/lookup-closest-locale/-/lookup-closest-locale-6.2.0.tgz",
      "integrity": "sha512-/c2kL+Vnp1jnV6K6RpDTHK3dgg0Tu2VVp+elEiJpjfS1UyY7AjOYHohRug6wT0OpoX2qFgNORndE9RqesfVxWQ=="
    },
    "node_modules/ms": {
      "version": "2.1.3",
      "resolved": "https://registry.npmjs.org/ms/-/ms-2.1.3.tgz",
      "integrity": "sha512-6FlzubTLZG3J2a/NVCAleEhjzq5oxgHyaCU9yYXvcLsvoVaHJq/s5xXI6/XXP6tz7R9xAOtHnSO/tXtF3WRTlA=="
    },
    "node_modules/picocolors": {
      "version": "1.1.1",
      "resolved": "https://registry.npmjs.org/picocolors/-/picocolors-1.1.1.tgz",
      "integrity": "sha512-xceH2snhtb5M9liqDsmEw56le376mTZkEX/jEb/RxNFyegNul7eNslCXP9FDj/Lcu0X8KEyMceP2ntpaHrDEVA=="
    },
    "node_modules/source-map": {
      "version": "0.5.7",
      "resolved": "https://registry.npmjs.org/source-map/-/source-map-0.5.7.tgz",
      "integrity": "sha512-LbrmJOMUSdEVxIKvdcJzQC+nQhe8FUZQTXQy6+I75skNgn3OoQ0DZA8YnFa7gp8tqtL3KPf1kmo0R5DoApeSGQ==",
      "engines": {
        "node": ">=0.10.0"
      }
    }
  }
}
